FORGE
  remote: https://forgeapi.puppetlabs.com
  specs:
    elastic-elasticsearch (5.4.3)
      puppet-yum (< 3.0.0, >= 0.9.6)
      puppetlabs-apt (< 5.0.0, >= 2.0.0)
      puppetlabs-java (< 3.0.0, >= 1.0.0)
      puppetlabs-stdlib (< 5.0.0, >= 4.6.0)
      richardc-datacat (< 1.0.0, >= 0.6.2)
    puppet-archive (1.3.0)
      puppetlabs-stdlib (< 5.0.0, >= 4.6.0)
    puppet-staging (2.2.0)
    puppet-yum (2.0.1)
      puppetlabs-concat (< 5.0.0, >= 1.2.5)
      puppetlabs-stdlib (< 5.0.0, >= 4.10.0)
    puppetlabs-apache (2.0.0)
      puppetlabs-concat (< 5.0.0, >= 2.2.1)
      puppetlabs-stdlib (< 5.0.0, >= 4.13.1)
    puppetlabs-apt (4.1.0)
      puppetlabs-stdlib (< 5.0.0, >= 4.16.0)
    puppetlabs-concat (4.0.1)
      puppetlabs-stdlib (< 5.0.0, >= 4.13.1)
    puppetlabs-firewall (1.9.0)
    puppetlabs-java (2.1.0)
      puppet-archive (< 2.0.0, >= 1.1.0)
      puppetlabs-stdlib (< 5.0.0, >= 4.13.1)
    puppetlabs-mysql (3.11.0)
      puppet-staging (< 3.0.0, >= 1.0.1)
      puppetlabs-stdlib (< 5.0.0, >= 3.2.0)
    puppetlabs-stdlib (4.19.0)
    puppetlabs-vcsrepo (2.0.0)
    richardc-datacat (0.6.2)
    saz-memcached (3.0.2)
      puppetlabs-firewall (< 2.0.0, >= 0.1.0)
      puppetlabs-stdlib (< 6.0.0, >= 4.6.0)

GIT
  remote: https://github.com/jeffgeorge/ftaeger-mailhog.git
  ref: remove_wget_cache_dir
  sha: 19ae4d8ef23606b497eba004bfbb37a928dd0bd7
  specs:
    ftaeger-mailhog (1.1.0)
      puppetlabs-stdlib (< 5.0.0, >= 4.10.0)

PATH
  remote: /vagrant/puppet/precip
  specs:
    clwdev-precip (0.0.1)

DEPENDENCIES
  clwdev-precip (>= 0)
  elastic-elasticsearch (= 5.4.3)
  ftaeger-mailhog (>= 0)
  puppetlabs-apache (>= 0)
  puppetlabs-apt (= 4.1.0)
  puppetlabs-mysql (>= 0)
  puppetlabs-stdlib (>= 0)
  puppetlabs-vcsrepo (>= 0)
  saz-memcached (>= 0)

