FORGE
  remote: https://forgeapi.puppetlabs.com
  specs:
    ftaeger-mailhog (1.0.8)
      maestrodev-wget (< 2.0.0, >= 1.7.3)
      puppetlabs-stdlib (< 5.0.0, >= 4.10.0)
    jlondon-wkhtmltox (1.0.11)
      maestrodev-wget (>= 1.5.0)
      puppetlabs-stdlib (>= 0)
    maestrodev-wget (1.7.3)
    nanliu-staging (1.0.3)
    puppetlabs-apache (1.10.0)
      puppetlabs-concat (< 3.0.0, >= 1.1.1)
      puppetlabs-stdlib (< 5.0.0, >= 2.4.0)
    puppetlabs-apt (2.2.2)
      puppetlabs-stdlib (< 5.0.0, >= 4.5.0)
    puppetlabs-concat (2.1.0)
      puppetlabs-stdlib (< 5.0.0, >= 3.2.0)
    puppetlabs-firewall (1.8.1)
    puppetlabs-mysql (3.2.0)
      nanliu-staging (~> 1.0)
      puppetlabs-stdlib (< 5.0.0, >= 3.2.0)
    puppetlabs-stdlib (4.12.0)
    saz-memcached (2.8.1)
      puppetlabs-firewall (>= 0.1.0)
      puppetlabs-stdlib (>= 3.2.0)
    thbe-ssmtp (0.5.8)
    thias-php (1.1.1)
    willdurand-composer (1.2.1)
      puppetlabs-stdlib (>= 3.2.1)

PATH
  remote: /vagrant/puppet/precip
  specs:
    clwdev-precip (0.0.1)

DEPENDENCIES
  clwdev-precip (>= 0)
  ftaeger-mailhog (>= 0)
  jlondon-wkhtmltox (>= 0)
  puppetlabs-apache (>= 0)
  puppetlabs-apt (>= 0)
  puppetlabs-mysql (= 3.2.0)
  saz-memcached (>= 0)
  thbe-ssmtp (>= 0)
  thias-php (= 1.1.1)
  willdurand-composer (>= 0)

